
Microsoft Visual Studio Solution File, Format Version 12.00
# Visual Studio Version 16
VisualStudioVersion = 16.0.32901.82
MinimumVisualStudioVersion = 10.0.40219.1
Project("{FAE04EC0-301F-11D3-BF4B-00C04F79EFBC}") = "NguyenQuocHung_2011254596", "NguyenQuocHung_2011254596\NguyenQuocHung_2011254596.csproj", "{0784AF67-F194-4D53-A2E3-E6B814E955AF}"
EndProject
Global
	GlobalSection(SolutionConfigurationPlatforms) = preSolution
		Debug|Any CPU = Debug|Any CPU
		Release|Any CPU = Release|Any CPU
	EndGlobalSection
	GlobalSection(ProjectConfigurationPlatforms) = postSolution
		{0784AF67-F194-4D53-A2E3-E6B814E955AF}.Debug|Any CPU.ActiveCfg = Debug|Any CPU
		{0784AF67-F194-4D53-A2E3-E6B814E955AF}.Debug|Any CPU.Build.0 = Debug|Any CPU
		{0784AF67-F194-4D53-A2E3-E6B814E955AF}.Release|Any CPU.ActiveCfg = Release|Any CPU
		{0784AF67-F194-4D53-A2E3-E6B814E955AF}.Release|Any CPU.Build.0 = Release|Any CPU
	EndGlobalSection
	GlobalSection(SolutionProperties) = preSolution
		HideSolutionNode = FALSE
	EndGlobalSection
	GlobalSection(ExtensibilityGlobals) = postSolution
		SolutionGuid = {8BA7D26F-A208-4187-A0A1-001EDF2BF3DD}
	EndGlobalSection
EndGlobal
